
Microsoft Visual Studio Solution File, Format Version 12.00
# Visual Studio Version 17
VisualStudioVersion = 17.11.35219.272
MinimumVisualStudioVersion = 10.0.40219.1
Project("{FAE04EC0-301F-11D3-BF4B-00C04F79EFBC}") = "Parcial2", "Parcial2.csproj", "{D3BB83CD-0FDC-4043-BF4C-1979D4ABF9E5}"
EndProject
Global
	GlobalSection(SolutionConfigurationPlatforms) = preSolution
		Debug|Any CPU = Debug|Any CPU
		Release|Any CPU = Release|Any CPU
	EndGlobalSection
	GlobalSection(ProjectConfigurationPlatforms) = postSolution
		{D3BB83CD-0FDC-4043-BF4C-1979D4ABF9E5}.Debug|Any CPU.ActiveCfg = Debug|Any CPU
		{D3BB83CD-0FDC-4043-BF4C-1979D4ABF9E5}.Debug|Any CPU.Build.0 = Debug|Any CPU
		{D3BB83CD-0FDC-4043-BF4C-1979D4ABF9E5}.Release|Any CPU.ActiveCfg = Release|Any CPU
		{D3BB83CD-0FDC-4043-BF4C-1979D4ABF9E5}.Release|Any CPU.Build.0 = Release|Any CPU
	EndGlobalSection
	GlobalSection(SolutionProperties) = preSolution
		HideSolutionNode = FALSE
	EndGlobalSection
	GlobalSection(ExtensibilityGlobals) = postSolution
		SolutionGuid = {03063DA4-5FF2-46E3-A337-F8FC9C91E201}
	EndGlobalSection
EndGlobal
